
Microsoft Visual Studio Solution File, Format Version 12.00
# Visual Studio Version 16
VisualStudioVersion = 16.0.32929.386
MinimumVisualStudioVersion = 10.0.40219.1
Project("{FAE04EC0-301F-11D3-BF4B-00C04F79EFBC}") = "MyLanguageInterpreter", "MyLanguageInterpreter\MyLanguageInterpreter.csproj", "{F7C79B18-D822-4E72-90BE-D54D7473CB37}"
EndProject
Global
	GlobalSection(SolutionConfigurationPlatforms) = preSolution
		Debug|Any CPU = Debug|Any CPU
		Release|Any CPU = Release|Any CPU
	EndGlobalSection
	GlobalSection(ProjectConfigurationPlatforms) = postSolution
		{F7C79B18-D822-4E72-90BE-D54D7473CB37}.Debug|Any CPU.ActiveCfg = Debug|Any CPU
		{F7C79B18-D822-4E72-90BE-D54D7473CB37}.Debug|Any CPU.Build.0 = Debug|Any CPU
		{F7C79B18-D822-4E72-90BE-D54D7473CB37}.Release|Any CPU.ActiveCfg = Release|Any CPU
		{F7C79B18-D822-4E72-90BE-D54D7473CB37}.Release|Any CPU.Build.0 = Release|Any CPU
	EndGlobalSection
	GlobalSection(SolutionProperties) = preSolution
		HideSolutionNode = FALSE
	EndGlobalSection
	GlobalSection(ExtensibilityGlobals) = postSolution
		SolutionGuid = {C39F4E1D-5AA2-41F3-842E-5E641F7856B3}
	EndGlobalSection
EndGlobal
